
Microsoft Visual Studio Solution File, Format Version 12.00
# Visual Studio 15
VisualStudioVersion = 15.0.27924.0
MinimumVisualStudioVersion = 10.0.40219.1
Project("{FAE04EC0-301F-11D3-BF4B-00C04F79EFBC}") = "BlazorApp", "BlazorApp\BlazorApp.csproj", "{96F965CE-1B90-48E7-AECC-F3AE9B90658C}"
EndProject
Global
	GlobalSection(SolutionConfigurationPlatforms) = preSolution
		Debug|Any CPU = Debug|Any CPU
		Release|Any CPU = Release|Any CPU
	EndGlobalSection
	GlobalSection(ProjectConfigurationPlatforms) = postSolution
		{96F965CE-1B90-48E7-AECC-F3AE9B90658C}.Debug|Any CPU.ActiveCfg = Debug|Any CPU
		{96F965CE-1B90-48E7-AECC-F3AE9B90658C}.Debug|Any CPU.Build.0 = Debug|Any CPU
		{96F965CE-1B90-48E7-AECC-F3AE9B90658C}.Release|Any CPU.ActiveCfg = Release|Any CPU
		{96F965CE-1B90-48E7-AECC-F3AE9B90658C}.Release|Any CPU.Build.0 = Release|Any CPU
	EndGlobalSection
	GlobalSection(SolutionProperties) = preSolution
		HideSolutionNode = FALSE
	EndGlobalSection
	GlobalSection(ExtensibilityGlobals) = postSolution
		SolutionGuid = {4E781F2D-B22E-450D-97A6-8F703B7A15FF}
	EndGlobalSection
EndGlobal
